
Microsoft Visual Studio Solution File, Format Version 12.00
# Visual Studio 15
VisualStudioVersion = 15.0.28010.2046
MinimumVisualStudioVersion = 10.0.40219.1
Project("{FAE04EC0-301F-11D3-BF4B-00C04F79EFBC}") = "Server", "CodingDojo4Server\Server.csproj", "{95F773A9-0430-40F3-87AA-B5B7136CB4FF}"
EndProject
Project("{FAE04EC0-301F-11D3-BF4B-00C04F79EFBC}") = "Client", "Client\Client.csproj", "{D9001E06-4240-483F-AD7B-BEE323A00E2D}"
EndProject
Global
	GlobalSection(SolutionConfigurationPlatforms) = preSolution
		Debug|Any CPU = Debug|Any CPU
		Release|Any CPU = Release|Any CPU
	EndGlobalSection
	GlobalSection(ProjectConfigurationPlatforms) = postSolution
		{95F773A9-0430-40F3-87AA-B5B7136CB4FF}.Debug|Any CPU.ActiveCfg = Debug|Any CPU
		{95F773A9-0430-40F3-87AA-B5B7136CB4FF}.Debug|Any CPU.Build.0 = Debug|Any CPU
		{95F773A9-0430-40F3-87AA-B5B7136CB4FF}.Release|Any CPU.ActiveCfg = Release|Any CPU
		{95F773A9-0430-40F3-87AA-B5B7136CB4FF}.Release|Any CPU.Build.0 = Release|Any CPU
		{D9001E06-4240-483F-AD7B-BEE323A00E2D}.Debug|Any CPU.ActiveCfg = Debug|Any CPU
		{D9001E06-4240-483F-AD7B-BEE323A00E2D}.Debug|Any CPU.Build.0 = Debug|Any CPU
		{D9001E06-4240-483F-AD7B-BEE323A00E2D}.Release|Any CPU.ActiveCfg = Release|Any CPU
		{D9001E06-4240-483F-AD7B-BEE323A00E2D}.Release|Any CPU.Build.0 = Release|Any CPU
	EndGlobalSection
	GlobalSection(SolutionProperties) = preSolution
		HideSolutionNode = FALSE
	EndGlobalSection
	GlobalSection(ExtensibilityGlobals) = postSolution
		SolutionGuid = {CF59C92E-73A1-4AAE-B8ED-6D005ACD95FF}
	EndGlobalSection
EndGlobal
